// !$*UTF8*$!
{
	archiveVersion = 1;
	classes = {
	};
	objectVersion = 50;
	objects = {

/* Begin PBXBuildFile section */
		E4DF4BC620F6DCFF00FAD72F /* AppDelegate.swift in Sources */ = {isa = PBXBuildFile; fileRef = E4DF4BC520F6DCFF00FAD72F /* AppDelegate.swift */; };
		E4DF4BC820F6DCFF00FAD72F /* ViewController.swift in Sources */ = {isa = PBXBuildFile; fileRef = E4DF4BC720F6DCFF00FAD72F /* ViewController.swift */; };
		E4DF4BCB20F6DCFF00FAD72F /* Main.storyboard in Resources */ = {isa = PBXBuildFile; fileRef = E4DF4BC920F6DCFF00FAD72F /* Main.storyboard */; };
		E4DF4BCD20F6DD0100FAD72F /* Assets.xcassets in Resources */ = {isa = PBXBuildFile; fileRef = E4DF4BCC20F6DD0100FAD72F /* Assets.xcassets */; };
		E4DF4BD020F6DD0100FAD72F /* LaunchScreen.storyboard in Resources */ = {isa = PBXBuildFile; fileRef = E4DF4BCE20F6DD0100FAD72F /* LaunchScreen.storyboard */; };
		E4DF4BDB20F6DD0100FAD72F /* ignisTests.swift in Sources */ = {isa = PBXBuildFile; fileRef = E4DF4BDA20F6DD0100FAD72F /* ignisTests.swift */; };
		E4DF4BE620F6DD0100FAD72F /* ignisUITests.swift in Sources */ = {isa = PBXBuildFile; fileRef = E4DF4BE520F6DD0100FAD72F /* ignisUITests.swift */; };
/* End PBXBuildFile section */

/* Begin PBXContainerItemProxy section */
		E4DF4BD720F6DD0100FAD72F /* PBXContainerItemProxy */ = {
			isa = PBXContainerItemProxy;
			containerPortal = E4DF4BBA20F6DCFF00FAD72F /* Project object */;
			proxyType = 1;
			remoteGlobalIDString = E4DF4BC120F6DCFF00FAD72F;
			remoteInfo = ignis;
		};
		E4DF4BE220F6DD0100FAD72F /* PBXContainerItemProxy */ = {
			isa = PBXContainerItemProxy;
			containerPortal = E4DF4BBA20F6DCFF00FAD72F /* Project object */;
			proxyType = 1;
			remoteGlobalIDString = E4DF4BC120F6DCFF00FAD72F;
			remoteInfo = ignis;
		};
/* End PBXContainerItemProxy section */

/* Begin PBXFileReference section */
		E4DF4BC220F6DCFF00FAD72F /* ignis.app */ = {isa = PBXFileReference; explicitFileType = wrapper.application; includeInIndex = 0; path = ignis.app; sourceTree = BUILT_PRODUCTS_DIR; };
		E4DF4BC520F6DCFF00FAD72F /* AppDelegate.swift */ = {isa = PBXFileReference; lastKnownFileType = sourcecode.swift; path = AppDelegate.swift; sourceTree = "<group>"; };
		E4DF4BC720F6DCFF00FAD72F /* ViewController.swift */ = {isa = PBXFileReference; lastKnownFileType = sourcecode.swift; path = ViewController.swift; sourceTree = "<group>"; };
		E4DF4BCA20F6DCFF00FAD72F /* Base */ = {isa = PBXFileReference; lastKnownFileType = file.storyboard; name = Base; path = Base.lproj/Main.storyboard; sourceTree = "<group>"; };
		E4DF4BCC20F6DD0100FAD72F /* Assets.xcassets */ = {isa = PBXFileReference; lastKnownFileType = folder.assetcatalog; path = Assets.xcassets; sourceTree = "<group>"; };
		E4DF4BCF20F6DD0100FAD72F /* Base */ = {isa = PBXFileReference; lastKnownFileType = file.storyboard; name = Base; path = Base.lproj/LaunchScreen.storyboard; sourceTree = "<group>"; };
		E4DF4BD120F6DD0100FAD72F /* Info.plist */ = {isa = PBXFileReference; lastKnownFileType = text.plist.xml; path = Info.plist; sourceTree = "<group>"; };
		E4DF4BD620F6DD0100FAD72F /* ignisTests.xctest */ = {isa = PBXFileReference; explicitFileType = wrapper.cfbundle; includeInIndex = 0; path = ignisTests.xctest; sourceTree = BUILT_PRODUCTS_DIR; };
		E4DF4BDA20F6DD0100FAD72F /* ignisTests.swift */ = {isa = PBXFileReference; lastKnownFileType = sourcecode.swift; path = ignisTests.swift; sourceTree = "<group>"; };
		E4DF4BDC20F6DD0100FAD72F /* Info.plist */ = {isa = PBXFileReference; lastKnownFileType = text.plist.xml; path = Info.plist; sourceTree = "<group>"; };
		E4DF4BE120F6DD0100FAD72F /* ignisUITests.xctest */ = {isa = PBXFileReference; explicitFileType = wrapper.cfbundle; includeInIndex = 0; path = ignisUITests.xctest; sourceTree = BUILT_PRODUCTS_DIR; };
		E4DF4BE520F6DD0100FAD72F /* ignisUITests.swift */ = {isa = PBXFileReference; lastKnownFileType = sourcecode.swift; path = ignisUITests.swift; sourceTree = "<group>"; };
		E4DF4BE720F6DD0100FAD72F /* Info.plist */ = {isa = PBXFileReference; lastKnownFileType = text.plist.xml; path = Info.plist; sourceTree = "<group>"; };
/* End PBXFileReference section */

/* Begin PBXFrameworksBuildPhase section */
		E4DF4BBF20F6DCFF00FAD72F /* Frameworks */ = {
			isa = PBXFrameworksBuildPhase;
			buildActionMask = 2147483647;
			files = (
			);
			runOnlyForDeploymentPostprocessing = 0;
		};
		E4DF4BD320F6DD0100FAD72F /* Frameworks */ = {
			isa = PBXFrameworksBuildPhase;
			buildActionMask = 2147483647;
			files = (
			);
			runOnlyForDeploymentPostprocessing = 0;
		};
		E4DF4BDE20F6DD0100FAD72F /* Frameworks */ = {
			isa = PBXFrameworksBuildPhase;
			buildActionMask = 2147483647;
			files = (
			);
			runOnlyForDeploymentPostprocessing = 0;
		};
/* End PBXFrameworksBuildPhase section */

/* Begin PBXGroup section */
		E4DF4BB920F6DCFF00FAD72F = {
			isa = PBXGroup;
			children = (
				E4DF4BC420F6DCFF00FAD72F /* ignis */,
				E4DF4BD920F6DD0100FAD72F /* ignisTests */,
				E4DF4BE420F6DD0100FAD72F /* ignisUITests */,
				E4DF4BC320F6DCFF00FAD72F /* Products */,
			);
			sourceTree = "<group>";
		};
		E4DF4BC320F6DCFF00FAD72F /* Products */ = {
			isa = PBXGroup;
			children = (
				E4DF4BC220F6DCFF00FAD72F /* ignis.app */,
				E4DF4BD620F6DD0100FAD72F /* ignisTests.xctest */,
				E4DF4BE120F6DD0100FAD72F /* ignisUITests.xctest */,
			);
			name = Products;
			sourceTree = "<group>";
		};
		E4DF4BC420F6DCFF00FAD72F /* ignis */ = {
			isa = PBXGroup;
			children = (
				E4DF4BC520F6DCFF00FAD72F /* AppDelegate.swift */,
				E4DF4BC720F6DCFF00FAD72F /* ViewController.swift */,
				E4DF4BC920F6DCFF00FAD72F /* Main.storyboard */,
				E4DF4BCC20F6DD0100FAD72F /* Assets.xcassets */,
				E4DF4BCE20F6DD0100FAD72F /* LaunchScreen.storyboard */,
				E4DF4BD120F6DD0100FAD72F /* Info.plist */,
			);
			path = ignis;
			sourceTree = "<group>";
		};
		E4DF4BD920F6DD0100FAD72F /* ignisTests */ = {
			isa = PBXGroup;
			children = (
				E4DF4BDA20F6DD0100FAD72F /* ignisTests.swift */,
				E4DF4BDC20F6DD0100FAD72F /* Info.plist */,
			);
			path = ignisTests;
			sourceTree = "<group>";
		};
		E4DF4BE420F6DD0100FAD72F /* ignisUITests */ = {
			isa = PBXGroup;
			children = (
				E4DF4BE520F6DD0100FAD72F /* ignisUITests.swift */,
				E4DF4BE720F6DD0100FAD72F /* Info.plist */,
			);
			path = ignisUITests;
			sourceTree = "<group>";
		};
/* End PBXGroup section */

/* Begin PBXNativeTarget section */
		E4DF4BC120F6DCFF00FAD72F /* ignis */ = {
			isa = PBXNativeTarget;
			buildConfigurationList = E4DF4BEA20F6DD0100FAD72F /* Build configuration list for PBXNativeTarget "ignis" */;
			buildPhases = (
				E4DF4BBE20F6DCFF00FAD72F /* Sources */,
				E4DF4BBF20F6DCFF00FAD72F /* Frameworks */,
				E4DF4BC020F6DCFF00FAD72F /* Resources */,
			);
			buildRules = (
			);
			dependencies = (
			);
			name = ignis;
			productName = ignis;
			productReference = E4DF4BC220F6DCFF00FAD72F /* ignis.app */;
			productType = "com.apple.product-type.application";
		};
		E4DF4BD520F6DD0100FAD72F /* ignisTests */ = {
			isa = PBXNativeTarget;
			buildConfigurationList = E4DF4BED20F6DD0100FAD72F /* Build configuration list for PBXNativeTarget "ignisTests" */;
			buildPhases = (
				E4DF4BD220F6DD0100FAD72F /* Sources */,
				E4DF4BD320F6DD0100FAD72F /* Frameworks */,
				E4DF4BD420F6DD0100FAD72F /* Resources */,
			);
			buildRules = (
			);
			dependencies = (
				E4DF4BD820F6DD0100FAD72F /* PBXTargetDependency */,
			);
			name = ignisTests;
			productName = ignisTests;
			productReference = E4DF4BD620F6DD0100FAD72F /* ignisTests.xctest */;
			productType = "com.apple.product-type.bundle.unit-test";
		};
		E4DF4BE020F6DD0100FAD72F /* ignisUITests */ = {
			isa = PBXNativeTarget;
			buildConfigurationList = E4DF4BF020F6DD0100FAD72F /* Build configuration list for PBXNativeTarget "ignisUITests" */;
			buildPhases = (
				E4DF4BDD20F6DD0100FAD72F /* Sources */,
				E4DF4BDE20F6DD0100FAD72F /* Frameworks */,
				E4DF4BDF20F6DD0100FAD72F /* Resources */,
			);
			buildRules = (
			);
			dependencies = (
				E4DF4BE320F6DD0100FAD72F /* PBXTargetDependency */,
			);
			name = ignisUITests;
			productName = ignisUITests;
			productReference = E4DF4BE120F6DD0100FAD72F /* ignisUITests.xctest */;
			productType = "com.apple.product-type.bundle.ui-testing";
		};
/* End PBXNativeTarget section */

/* Begin PBXProject section */
		E4DF4BBA20F6DCFF00FAD72F /* Project object */ = {
			isa = PBXProject;
			attributes = {
				LastSwiftUpdateCheck = 0940;
				LastUpgradeCheck = 0940;
				ORGANIZATIONNAME = "John Matthew Weston";
				TargetAttributes = {
					E4DF4BC120F6DCFF00FAD72F = {
						CreatedOnToolsVersion = 9.4.1;
					};
					E4DF4BD520F6DD0100FAD72F = {
						CreatedOnToolsVersion = 9.4.1;
						TestTargetID = E4DF4BC120F6DCFF00FAD72F;
					};
					E4DF4BE020F6DD0100FAD72F = {
						CreatedOnToolsVersion = 9.4.1;
						TestTargetID = E4DF4BC120F6DCFF00FAD72F;
					};
				};
			};
			buildConfigurationList = E4DF4BBD20F6DCFF00FAD72F /* Build configuration list for PBXProject "ignis" */;
			compatibilityVersion = "Xcode 9.3";
			developmentRegion = en;
			hasScannedForEncodings = 0;
			knownRegions = (
				en,
				Base,
			);
			mainGroup = E4DF4BB920F6DCFF00FAD72F;
			productRefGroup = E4DF4BC320F6DCFF00FAD72F /* Products */;
			projectDirPath = "";
			projectRoot = "";
			targets = (
				E4DF4BC120F6DCFF00FAD72F /* ignis */,
				E4DF4BD520F6DD0100FAD72F /* ignisTests */,
				E4DF4BE020F6DD0100FAD72F /* ignisUITests */,
			);
		};
/* End PBXProject section */

/* Begin PBXResourcesBuildPhase section */
		E4DF4BC020F6DCFF00FAD72F /* Resources */ = {
			isa = PBXResourcesBuildPhase;
			buildActionMask = 2147483647;
			files = (
				E4DF4BD020F6DD0100FAD72F /* LaunchScreen.storyboard in Resources */,
				E4DF4BCD20F6DD0100FAD72F /* Assets.xcassets in Resources */,
				E4DF4BCB20F6DCFF00FAD72F /* Main.storyboard in Resources */,
			);
			runOnlyForDeploymentPostprocessing = 0;
		};
		E4DF4BD420F6DD0100FAD72F /* Resources */ = {
			isa = PBXResourcesBuildPhase;
			buildActionMask = 2147483647;
			files = (
			);
			runOnlyForDeploymentPostprocessing = 0;
		};
		E4DF4BDF20F6DD0100FAD72F /* Resources */ = {
			isa = PBXResourcesBuildPhase;
			buildActionMask = 2147483647;
			files = (
			);
			runOnlyForDeploymentPostprocessing = 0;
		};
/* End PBXResourcesBuildPhase section */

/* Begin PBXSourcesBuildPhase section */
		E4DF4BBE20F6DCFF00FAD72F /* Sources */ = {
			isa = PBXSourcesBuildPhase;
			buildActionMask = 2147483647;
			files = (
				E4DF4BC820F6DCFF00FAD72F /* ViewController.swift in Sources */,
				E4DF4BC620F6DCFF00FAD72F /* AppDelegate.swift in Sources */,
			);
			runOnlyForDeploymentPostprocessing = 0;
		};
		E4DF4BD220F6DD0100FAD72F /* Sources */ = {
			isa = PBXSourcesBuildPhase;
			buildActionMask = 2147483647;
			files = (
				E4DF4BDB20F6DD0100FAD72F /* ignisTests.swift in Sources */,
			);
			runOnlyForDeploymentPostprocessing = 0;
		};
		E4DF4BDD20F6DD0100FAD72F /* Sources */ = {
			isa = PBXSourcesBuildPhase;
			buildActionMask = 2147483647;
			files = (
				E4DF4BE620F6DD0100FAD72F /* ignisUITests.swift in Sources */,
			);
			runOnlyForDeploymentPostprocessing = 0;
		};
/* End PBXSourcesBuildPhase section */

/* Begin PBXTargetDependency section */
		E4DF4BD820F6DD0100FAD72F /* PBXTargetDependency */ = {
			isa = PBXTargetDependency;
			target = E4DF4BC120F6DCFF00FAD72F /* ignis */;
			targetProxy = E4DF4BD720F6DD0100FAD72F /* PBXContainerItemProxy */;
		};
		E4DF4BE320F6DD0100FAD72F /* PBXTargetDependency */ = {
			isa = PBXTargetDependency;
			target = E4DF4BC120F6DCFF00FAD72F /* ignis */;
			targetProxy = E4DF4BE220F6DD0100FAD72F /* PBXContainerItemProxy */;
		};
/* End PBXTargetDependency section */

/* Begin PBXVariantGroup section */
		E4DF4BC920F6DCFF00FAD72F /* Main.storyboard */ = {
			isa = PBXVariantGroup;
			children = (
				E4DF4BCA20F6DCFF00FAD72F /* Base */,
			);
			name = Main.storyboard;
			sourceTree = "<group>";
		};
		E4DF4BCE20F6DD0100FAD72F /* LaunchScreen.storyboard */ = {
			isa = PBXVariantGroup;
			children = (
				E4DF4BCF20F6DD0100FAD72F /* Base */,
			);
			name = LaunchScreen.storyboard;
			sourceTree = "<group>";
		};
/* End PBXVariantGroup section */

/* Begin XCBuildConfiguration section */
		E4DF4BE820F6DD0100FAD72F /* Debug */ = {
			isa = XCBuildConfiguration;
			buildSettings = {
				ALWAYS_SEARCH_USER_PATHS = NO;
				CLANG_ANALYZER_NONNULL = YES;
				CLANG_ANALYZER_NUMBER_OBJECT_CONVERSION = YES_AGGRESSIVE;
				CLANG_CXX_LANGUAGE_STANDARD = "gnu++14";
				CLANG_CXX_LIBRARY = "libc++";
				CLANG_ENABLE_MODULES = YES;
				CLANG_ENABLE_OBJC_ARC = YES;
				CLANG_ENABLE_OBJC_WEAK = YES;
				CLANG_WARN_BLOCK_CAPTURE_AUTORELEASING = YES;
				CLANG_WARN_BOOL_CONVERSION = YES;
				CLANG_WARN_COMMA = YES;
				CLANG_WARN_CONSTANT_CONVERSION = YES;
				CLANG_WARN_DEPRECATED_OBJC_IMPLEMENTATIONS = YES;
				CLANG_WARN_DIRECT_OBJC_ISA_USAGE = YES_ERROR;
				CLANG_WARN_DOCUMENTATION_COMMENTS = YES;
				CLANG_WARN_EMPTY_BODY = YES;
				CLANG_WARN_ENUM_CONVERSION = YES;
				CLANG_WARN_INFINITE_RECURSION = YES;
				CLANG_WARN_INT_CONVERSION = YES;
				CLANG_WARN_NON_LITERAL_NULL_CONVERSION = YES;
				CLANG_WARN_OBJC_IMPLICIT_RETAIN_SELF = YES;
				CLANG_WARN_OBJC_LITERAL_CONVERSION = YES;
				CLANG_WARN_OBJC_ROOT_CLASS = YES_ERROR;
				CLANG_WARN_RANGE_LOOP_ANALYSIS = YES;
				CLANG_WARN_STRICT_PROTOTYPES = YES;
				CLANG_WARN_SUSPICIOUS_MOVE = YES;
				CLANG_WARN_UNGUARDED_AVAILABILITY = YES_AGGRESSIVE;
				CLANG_WARN_UNREACHABLE_CODE = YES;
				CLANG_WARN__DUPLICATE_METHOD_MATCH = YES;
				CODE_SIGN_IDENTITY = "iPhone Developer";
				COPY_PHASE_STRIP = NO;
				DEBUG_INFORMATION_FORMAT = dwarf;
				ENABLE_STRICT_OBJC_MSGSEND = YES;
				ENABLE_TESTABILITY = YES;
				GCC_C_LANGUAGE_STANDARD = gnu11;
				GCC_DYNAMIC_NO_PIC = NO;
				GCC_NO_COMMON_BLOCKS = YES;
				GCC_OPTIMIZATION_LEVEL = 0;
				GCC_PREPROCESSOR_DEFINITIONS = (
					"DEBUG=1",
					"$(inherited)",
				);
				GCC_WARN_64_TO_32_BIT_CONVERSION = YES;
				GCC_WARN_ABOUT_RETURN_TYPE = YES_ERROR;
				GCC_WARN_UNDECLARED_SELECTOR = YES;
				GCC_WARN_UNINITIALIZED_AUTOS = YES_AGGRESSIVE;
				GCC_WARN_UNUSED_FUNCTION = YES;
				GCC_WARN_UNUSED_VARIABLE = YES;
				IPHONEOS_DEPLOYMENT_TARGET = 11.4;
				MTL_ENABLE_DEBUG_INFO = YES;
				ONLY_ACTIVE_ARCH = YES;
				SDKROOT = iphoneos;
				SWIFT_ACTIVE_COMPILATION_CONDITIONS = DEBUG;
				SWIFT_OPTIMIZATION_LEVEL = "-Onone";
			};
			name = Debug;
		};
		E4DF4BE920F6DD0100FAD72F /* Release */ = {
			isa = XCBuildConfiguration;
			buildSettings = {
				ALWAYS_SEARCH_USER_PATHS = NO;
				CLANG_ANALYZER_NONNULL = YES;
				CLANG_ANALYZER_NUMBER_OBJECT_CONVERSION = YES_AGGRESSIVE;
				CLANG_CXX_LANGUAGE_STANDARD = "gnu++14";
				CLANG_CXX_LIBRARY = "libc++";
				CLANG_ENABLE_MODULES = YES;
				CLANG_ENABLE_OBJC_ARC = YES;
				CLANG_ENABLE_OBJC_WEAK = YES;
				CLANG_WARN_BLOCK_CAPTURE_AUTORELEASING = YES;
				CLANG_WARN_BOOL_CONVERSION = YES;
				CLANG_WARN_COMMA = YES;
				CLANG_WARN_CONSTANT_CONVERSION = YES;
				CLANG_WARN_DEPRECATED_OBJC_IMPLEMENTATIONS = YES;
				CLANG_WARN_DIRECT_OBJC_ISA_USAGE = YES_ERROR;
				CLANG_WARN_DOCUMENTATION_COMMENTS = YES;
				CLANG_WARN_EMPTY_BODY = YES;
				CLANG_WARN_ENUM_CONVERSION = YES;
				CLANG_WARN_INFINITE_RECURSION = YES;
				CLANG_WARN_INT_CONVERSION = YES;
				CLANG_WARN_NON_LITERAL_NULL_CONVERSION = YES;
				CLANG_WARN_OBJC_IMPLICIT_RETAIN_SELF = YES;
				CLANG_WARN_OBJC_LITERAL_CONVERSION = YES;
				CLANG_WARN_OBJC_ROOT_CLASS = YES_ERROR;
				CLANG_WARN_RANGE_LOOP_ANALYSIS = YES;
				CLANG_WARN_STRICT_PROTOTYPES = YES;
				CLANG_WARN_SUSPICIOUS_MOVE = YES;
				CLANG_WARN_UNGUARDED_AVAILABILITY = YES_AGGRESSIVE;
				CLANG_WARN_UNREACHABLE_CODE = YES;
				CLANG_WARN__DUPLICATE_METHOD_MATCH = YES;
				CODE_SIGN_IDENTITY = "iPhone Developer";
				COPY_PHASE_STRIP = NO;
				DEBUG_INFORMATION_FORMAT = "dwarf-with-dsym";
				ENABLE_NS_ASSERTIONS = NO;
				ENABLE_STRICT_OBJC_MSGSEND = YES;
				GCC_C_LANGUAGE_STANDARD = gnu11;
				GCC_NO_COMMON_BLOCKS = YES;
				GCC_WARN_64_TO_32_BIT_CONVERSION = YES;
				GCC_WARN_ABOUT_RETURN_TYPE = YES_ERROR;
				GCC_WARN_UNDECLARED_SELECTOR = YES;
				GCC_WARN_UNINITIALIZED_AUTOS = YES_AGGRESSIVE;
				GCC_WARN_UNUSED_FUNCTION = YES;
				GCC_WARN_UNUSED_VARIABLE = YES;
				IPHONEOS_DEPLOYMENT_TARGET = 11.4;
				MTL_ENABLE_DEBUG_INFO = NO;
				SDKROOT = iphoneos;
				SWIFT_COMPILATION_MODE = wholemodule;
				SWIFT_OPTIMIZATION_LEVEL = "-O";
				VALIDATE_PRODUCT = YES;
			};
			name = Release;
		};
		E4DF4BEB20F6DD0100FAD72F /* Debug */ = {
			isa = XCBuildConfiguration;
			buildSettings = {
				ASSETCATALOG_COMPILER_APPICON_NAME = AppIcon;
				CODE_SIGN_STYLE = Automatic;
				DEVELOPMENT_TEAM = H2ST88K7QB;
				INFOPLIST_FILE = ignis/Info.plist;
				LD_RUNPATH_SEARCH_PATHS = (
					"$(inherited)",
					"@executable_path/Frameworks",
				);
				PRODUCT_BUNDLE_IDENTIFIER = com.aquavitdesigns.ignis;
				PRODUCT_NAME = "$(TARGET_NAME)";
				SWIFT_VERSION = 4.0;
				TARGETED_DEVICE_FAMILY = "1,2";
			};
			name = Debug;
		};
		E4DF4BEC20F6DD0100FAD72F /* Release */ = {
			isa = XCBuildConfiguration;
			buildSettings = {
				ASSETCATALOG_COMPILER_APPICON_NAME = AppIcon;
				CODE_SIGN_STYLE = Automatic;
				DEVELOPMENT_TEAM = H2ST88K7QB;
				INFOPLIST_FILE = ignis/Info.plist;
				LD_RUNPATH_SEARCH_PATHS = (
					"$(inherited)",
					"@executable_path/Frameworks",
				);
				PRODUCT_BUNDLE_IDENTIFIER = com.aquavitdesigns.ignis;
				PRODUCT_NAME = "$(TARGET_NAME)";
				SWIFT_VERSION = 4.0;
				TARGETED_DEVICE_FAMILY = "1,2";
			};
			name = Release;
		};
		E4DF4BEE20F6DD0100FAD72F /* Debug */ = {
			isa = XCBuildConfiguration;
			buildSettings = {
				ALWAYS_EMBED_SWIFT_STANDARD_LIBRARIES = YES;
				BUNDLE_LOADER = "$(TEST_HOST)";
				CODE_SIGN_STYLE = Automatic;
				DEVELOPMENT_TEAM = H2ST88K7QB;
				INFOPLIST_FILE = ignisTests/Info.plist;
				LD_RUNPATH_SEARCH_PATHS = (
					"$(inherited)",
					"@executable_path/Frameworks",
					"@loader_path/Frameworks",
				);
				PRODUCT_BUNDLE_IDENTIFIER = com.aquavitdesigns.ignisTests;
				PRODUCT_NAME = "$(TARGET_NAME)";
				SWIFT_VERSION = 4.0;
				TARGETED_DEVICE_FAMILY = "1,2";
				TEST_HOST = "$(BUILT_PRODUCTS_DIR)/ignis.app/ignis";
			};
			name = Debug;
		};
		E4DF4BEF20F6DD0100FAD72F /* Release */ = {
			isa = XCBuildConfiguration;
			buildSettings = {
				ALWAYS_EMBED_SWIFT_STANDARD_LIBRARIES = YES;
				BUNDLE_LOADER = "$(TEST_HOST)";
				CODE_SIGN_STYLE = Automatic;
				DEVELOPMENT_TEAM = H2ST88K7QB;
				INFOPLIST_FILE = ignisTests/Info.plist;
				LD_RUNPATH_SEARCH_PATHS = (
					"$(inherited)",
					"@executable_path/Frameworks",
					"@loader_path/Frameworks",
				);
				PRODUCT_BUNDLE_IDENTIFIER = com.aquavitdesigns.ignisTests;
				PRODUCT_NAME = "$(TARGET_NAME)";
				SWIFT_VERSION = 4.0;
				TARGETED_DEVICE_FAMILY = "1,2";
				TEST_HOST = "$(BUILT_PRODUCTS_DIR)/ignis.app/ignis";
			};
			name = Release;
		};
		E4DF4BF120F6DD0100FAD72F /* Debug */ = {
			isa = XCBuildConfiguration;
			buildSettings = {
				ALWAYS_EMBED_SWIFT_STANDARD_LIBRARIES = YES;
				CODE_SIGN_STYLE = Automatic;
				DEVELOPMENT_TEAM = H2ST88K7QB;
				INFOPLIST_FILE = ignisUITests/Info.plist;
				LD_RUNPATH_SEARCH_PATHS = (
					"$(inherited)",
					"@executable_path/Frameworks",
					"@loader_path/Frameworks",
				);
				PRODUCT_BUNDLE_IDENTIFIER = com.aquavitdesigns.ignisUITests;
				PRODUCT_NAME = "$(TARGET_NAME)";
				SWIFT_VERSION = 4.0;
				TARGETED_DEVICE_FAMILY = "1,2";
				TEST_TARGET_NAME = ignis;
			};
			name = Debug;
		};
		E4DF4BF220F6DD0100FAD72F /* Release */ = {
			isa = XCBuildConfiguration;
			buildSettings = {
				ALWAYS_EMBED_SWIFT_STANDARD_LIBRARIES = YES;
				CODE_SIGN_STYLE = Automatic;
				DEVELOPMENT_TEAM = H2ST88K7QB;
				INFOPLIST_FILE = ignisUITests/Info.plist;
				LD_RUNPATH_SEARCH_PATHS = (
					"$(inherited)",
					"@executable_path/Frameworks",
					"@loader_path/Frameworks",
				);
				PRODUCT_BUNDLE_IDENTIFIER = com.aquavitdesigns.ignisUITests;
				PRODUCT_NAME = "$(TARGET_NAME)";
				SWIFT_VERSION = 4.0;
				TARGETED_DEVICE_FAMILY = "1,2";
				TEST_TARGET_NAME = ignis;
			};
			name = Release;
		};
/* End XCBuildConfiguration section */

/* Begin XCConfigurationList section */
		E4DF4BBD20F6DCFF00FAD72F /* Build configuration list for PBXProject "ignis" */ = {
			isa = XCConfigurationList;
			buildConfigurations = (
				E4DF4BE820F6DD0100FAD72F /* Debug */,
				E4DF4BE920F6DD0100FAD72F /* Release */,
			);
			defaultConfigurationIsVisible = 0;
			defaultConfigurationName = Release;
		};
		E4DF4BEA20F6DD0100FAD72F /* Build configuration list for PBXNativeTarget "ignis" */ = {
			isa = XCConfigurationList;
			buildConfigurations = (
				E4DF4BEB20F6DD0100FAD72F /* Debug */,
				E4DF4BEC20F6DD0100FAD72F /* Release */,
			);
			defaultConfigurationIsVisible = 0;
			defaultConfigurationName = Release;
		};
		E4DF4BED20F6DD0100FAD72F /* Build configuration list for PBXNativeTarget "ignisTests" */ = {
			isa = XCConfigurationList;
			buildConfigurations = (
				E4DF4BEE20F6DD0100FAD72F /* Debug */,
				E4DF4BEF20F6DD0100FAD72F /* Release */,
			);
			defaultConfigurationIsVisible = 0;
			defaultConfigurationName = Release;
		};
		E4DF4BF020F6DD0100FAD72F /* Build configuration list for PBXNativeTarget "ignisUITests" */ = {
			isa = XCConfigurationList;
			buildConfigurations = (
				E4DF4BF120F6DD0100FAD72F /* Debug */,
				E4DF4BF220F6DD0100FAD72F /* Release */,
			);
			defaultConfigurationIsVisible = 0;
			defaultConfigurationName = Release;
		};
/* End XCConfigurationList section */
	};
	rootObject = E4DF4BBA20F6DCFF00FAD72F /* Project object */;
}
